
Microsoft Visual Studio Solution File, Format Version 12.00
# Visual Studio Version 16
VisualStudioVersion = 16.0.30011.22
MinimumVisualStudioVersion = 10.0.40219.1
Project("{2150E333-8FDC-42A3-9474-1A3956D46DE8}") = "Core", "Core", "{DBC99E55-B656-4FE4-84CB-B3F750BD7E12}"
EndProject
Project("{2150E333-8FDC-42A3-9474-1A3956D46DE8}") = "Web", "Web", "{A365C7BF-B5C5-48D4-979E-8BCF73211574}"
EndProject
Project("{2150E333-8FDC-42A3-9474-1A3956D46DE8}") = "Tests", "Tests", "{87A3AB37-B049-4863-A318-BBFFCF1FD004}"
EndProject
Project("{9A19103F-16F7-4668-BE54-9A1E7A4F7556}") = "SocialMediaDashboard.Domain", "src\SocialMediaDashboard.Domain\SocialMediaDashboard.Domain.csproj", "{B9911644-6DD6-4881-9441-11897F6CB55A}"
EndProject
Project("{9A19103F-16F7-4668-BE54-9A1E7A4F7556}") = "SocialMediaDashboard.UnitTests", "tests\SocialMediaDashboard.Tests\SocialMediaDashboard.UnitTests.csproj", "{0E583AF7-0F58-482C-AF29-A50C7B215995}"
EndProject
Project("{9A19103F-16F7-4668-BE54-9A1E7A4F7556}") = "SocialMediaDashboard.IntegrationTests", "tests\SocialMediaDashboard.IntegrationTests\SocialMediaDashboard.IntegrationTests.csproj", "{72E5805D-D20B-4AC0-A971-597A89DB749C}"
EndProject
Project("{2150E333-8FDC-42A3-9474-1A3956D46DE8}") = "Solution Items", "Solution Items", "{67A61AB0-CC13-4459-A953-D86E134DBD3B}"
	ProjectSection(SolutionItems) = preProject
		.editorconfig = .editorconfig
		Dockerfile = Dockerfile
		README.md = README.md
	EndProjectSection
EndProject
Project("{9A19103F-16F7-4668-BE54-9A1E7A4F7556}") = "SocialMediaDashboard.Application", "src\SocialMediaDashboard.Application\SocialMediaDashboard.Application.csproj", "{C136E404-F5F2-49EF-8224-93F83179586F}"
EndProject
Project("{9A19103F-16F7-4668-BE54-9A1E7A4F7556}") = "SocialMediaDashboard.Web", "src\SocialMediaDashboard.Web\SocialMediaDashboard.Web.csproj", "{254E7321-D035-478A-A87A-1ECBE177FED4}"
EndProject
Project("{9A19103F-16F7-4668-BE54-9A1E7A4F7556}") = "SocialMediaDashboard.Infrastructure", "src\SocialMediaDashboard.Infrastructure\SocialMediaDashboard.Infrastructure.csproj", "{083C426E-CE06-4828-8897-D1C6AAC83BA5}"
EndProject
Global
	GlobalSection(SolutionConfigurationPlatforms) = preSolution
		Debug|Any CPU = Debug|Any CPU
		Release|Any CPU = Release|Any CPU
	EndGlobalSection
	GlobalSection(ProjectConfigurationPlatforms) = postSolution
		{B9911644-6DD6-4881-9441-11897F6CB55A}.Debug|Any CPU.ActiveCfg = Debug|Any CPU
		{B9911644-6DD6-4881-9441-11897F6CB55A}.Debug|Any CPU.Build.0 = Debug|Any CPU
		{B9911644-6DD6-4881-9441-11897F6CB55A}.Release|Any CPU.ActiveCfg = Release|Any CPU
		{B9911644-6DD6-4881-9441-11897F6CB55A}.Release|Any CPU.Build.0 = Release|Any CPU
		{0E583AF7-0F58-482C-AF29-A50C7B215995}.Debug|Any CPU.ActiveCfg = Debug|Any CPU
		{0E583AF7-0F58-482C-AF29-A50C7B215995}.Debug|Any CPU.Build.0 = Debug|Any CPU
		{0E583AF7-0F58-482C-AF29-A50C7B215995}.Release|Any CPU.ActiveCfg = Release|Any CPU
		{0E583AF7-0F58-482C-AF29-A50C7B215995}.Release|Any CPU.Build.0 = Release|Any CPU
		{72E5805D-D20B-4AC0-A971-597A89DB749C}.Debug|Any CPU.ActiveCfg = Debug|Any CPU
		{72E5805D-D20B-4AC0-A971-597A89DB749C}.Debug|Any CPU.Build.0 = Debug|Any CPU
		{72E5805D-D20B-4AC0-A971-597A89DB749C}.Release|Any CPU.ActiveCfg = Release|Any CPU
		{72E5805D-D20B-4AC0-A971-597A89DB749C}.Release|Any CPU.Build.0 = Release|Any CPU
		{C136E404-F5F2-49EF-8224-93F83179586F}.Debug|Any CPU.ActiveCfg = Debug|Any CPU
		{C136E404-F5F2-49EF-8224-93F83179586F}.Debug|Any CPU.Build.0 = Debug|Any CPU
		{C136E404-F5F2-49EF-8224-93F83179586F}.Release|Any CPU.ActiveCfg = Release|Any CPU
		{C136E404-F5F2-49EF-8224-93F83179586F}.Release|Any CPU.Build.0 = Release|Any CPU
		{254E7321-D035-478A-A87A-1ECBE177FED4}.Debug|Any CPU.ActiveCfg = Debug|Any CPU
		{254E7321-D035-478A-A87A-1ECBE177FED4}.Debug|Any CPU.Build.0 = Debug|Any CPU
		{254E7321-D035-478A-A87A-1ECBE177FED4}.Release|Any CPU.ActiveCfg = Release|Any CPU
		{254E7321-D035-478A-A87A-1ECBE177FED4}.Release|Any CPU.Build.0 = Release|Any CPU
		{083C426E-CE06-4828-8897-D1C6AAC83BA5}.Debug|Any CPU.ActiveCfg = Debug|Any CPU
		{083C426E-CE06-4828-8897-D1C6AAC83BA5}.Debug|Any CPU.Build.0 = Debug|Any CPU
		{083C426E-CE06-4828-8897-D1C6AAC83BA5}.Release|Any CPU.ActiveCfg = Release|Any CPU
		{083C426E-CE06-4828-8897-D1C6AAC83BA5}.Release|Any CPU.Build.0 = Release|Any CPU
	EndGlobalSection
	GlobalSection(SolutionProperties) = preSolution
		HideSolutionNode = FALSE
	EndGlobalSection
	GlobalSection(NestedProjects) = preSolution
		{B9911644-6DD6-4881-9441-11897F6CB55A} = {DBC99E55-B656-4FE4-84CB-B3F750BD7E12}
		{0E583AF7-0F58-482C-AF29-A50C7B215995} = {87A3AB37-B049-4863-A318-BBFFCF1FD004}
		{72E5805D-D20B-4AC0-A971-597A89DB749C} = {87A3AB37-B049-4863-A318-BBFFCF1FD004}
		{C136E404-F5F2-49EF-8224-93F83179586F} = {DBC99E55-B656-4FE4-84CB-B3F750BD7E12}
		{254E7321-D035-478A-A87A-1ECBE177FED4} = {A365C7BF-B5C5-48D4-979E-8BCF73211574}
		{083C426E-CE06-4828-8897-D1C6AAC83BA5} = {DBC99E55-B656-4FE4-84CB-B3F750BD7E12}
	EndGlobalSection
	GlobalSection(ExtensibilityGlobals) = postSolution
		SolutionGuid = {9240F3F5-0EEA-4CA7-88E6-F367F039964F}
	EndGlobalSection
EndGlobal
